
Microsoft Visual Studio Solution File, Format Version 12.00
# Visual Studio Version 17
VisualStudioVersion = 17.0.31717.71
MinimumVisualStudioVersion = 10.0.40219.1
Project("{9A19103F-16F7-4668-BE54-9A1E7A4F7556}") = "LRPC.NET", "LRPC.NET\LRPC.NET.csproj", "{CE695AB8-9C53-429D-8710-90E34946CD7C}"
EndProject
Project("{FAE04EC0-301F-11D3-BF4B-00C04F79EFBC}") = "LRPC.Test", "LRPC.Test\LRPC.Test.csproj", "{44E8B03D-52E7-4919-9172-8305CB46AB23}"
EndProject
Global
	GlobalSection(SolutionConfigurationPlatforms) = preSolution
		Debug|Any CPU = Debug|Any CPU
		Release|Any CPU = Release|Any CPU
	EndGlobalSection
	GlobalSection(ProjectConfigurationPlatforms) = postSolution
		{CE695AB8-9C53-429D-8710-90E34946CD7C}.Debug|Any CPU.ActiveCfg = Debug|Any CPU
		{CE695AB8-9C53-429D-8710-90E34946CD7C}.Debug|Any CPU.Build.0 = Debug|Any CPU
		{CE695AB8-9C53-429D-8710-90E34946CD7C}.Release|Any CPU.ActiveCfg = Release|Any CPU
		{CE695AB8-9C53-429D-8710-90E34946CD7C}.Release|Any CPU.Build.0 = Release|Any CPU
		{44E8B03D-52E7-4919-9172-8305CB46AB23}.Debug|Any CPU.ActiveCfg = Debug|Any CPU
		{44E8B03D-52E7-4919-9172-8305CB46AB23}.Debug|Any CPU.Build.0 = Debug|Any CPU
		{44E8B03D-52E7-4919-9172-8305CB46AB23}.Release|Any CPU.ActiveCfg = Release|Any CPU
		{44E8B03D-52E7-4919-9172-8305CB46AB23}.Release|Any CPU.Build.0 = Release|Any CPU
	EndGlobalSection
	GlobalSection(SolutionProperties) = preSolution
		HideSolutionNode = FALSE
	EndGlobalSection
	GlobalSection(ExtensibilityGlobals) = postSolution
		SolutionGuid = {7E553A37-0231-4348-A9B6-B831B73B7A4E}
	EndGlobalSection
EndGlobal
